// !$*UTF8*$!
{
	archiveVersion = 1;
	classes = {
	};
	objectVersion = 50;
	objects = {

/* Begin PBXBuildFile section */
		384E1EF125DA6E4E0014E4B1 /* PlayWordView.swift in Sources */ = {isa = PBXBuildFile; fileRef = 384E1EF025DA6E4E0014E4B1 /* PlayWordView.swift */; };
		384E1EFC25DF402B0014E4B1 /* PlaceholderView.swift in Sources */ = {isa = PBXBuildFile; fileRef = 384E1EF825DF402A0014E4B1 /* PlaceholderView.swift */; };
		384E1EFD25DF402B0014E4B1 /* DrawingWrapper.swift in Sources */ = {isa = PBXBuildFile; fileRef = 384E1EF925DF402A0014E4B1 /* DrawingWrapper.swift */; };
		384E1EFE25DF402B0014E4B1 /* AddNewDocument.swift in Sources */ = {isa = PBXBuildFile; fileRef = 384E1EFA25DF402A0014E4B1 /* AddNewDocument.swift */; };
		384E1EFF25DF402B0014E4B1 /* ContentView.swift in Sources */ = {isa = PBXBuildFile; fileRef = 384E1EFB25DF402A0014E4B1 /* ContentView.swift */; };
		384E1F0325DF403D0014E4B1 /* DrawingViewController.swift in Sources */ = {isa = PBXBuildFile; fileRef = 384E1F0225DF403D0014E4B1 /* DrawingViewController.swift */; };
		384E1F0725DF407F0014E4B1 /* DrawingDocument.swift in Sources */ = {isa = PBXBuildFile; fileRef = 384E1F0625DF407F0014E4B1 /* DrawingDocument.swift */; };
		384E1F0C25DF40A50014E4B1 /* CoreDataManager.swift in Sources */ = {isa = PBXBuildFile; fileRef = 384E1F0A25DF40A50014E4B1 /* CoreDataManager.swift */; };
		384E1F0D25DF40A50014E4B1 /* DrawingManager.swift in Sources */ = {isa = PBXBuildFile; fileRef = 384E1F0B25DF40A50014E4B1 /* DrawingManager.swift */; };
		38EC3ECB25BADA190001B399 /* CategoryItem.swift in Sources */ = {isa = PBXBuildFile; fileRef = 38EC3ECA25BADA190001B399 /* CategoryItem.swift */; };
		38EC3ED225BADE1E0001B399 /* CategoryList.swift in Sources */ = {isa = PBXBuildFile; fileRef = 38EC3ED125BADE1E0001B399 /* CategoryList.swift */; };
		CB6634E625D14EFA0019BAFA /* latterToWordView.swift in Sources */ = {isa = PBXBuildFile; fileRef = CB6634E525D14EFA0019BAFA /* latterToWordView.swift */; };
		CB6634EC25D25E970019BAFA /* FromTextToImageQustionView.swift in Sources */ = {isa = PBXBuildFile; fileRef = CB6634EB25D25E970019BAFA /* FromTextToImageQustionView.swift */; };
		CB6634EF25D268950019BAFA /* ImageToTextQustionView.swift in Sources */ = {isa = PBXBuildFile; fileRef = CB6634EE25D268950019BAFA /* ImageToTextQustionView.swift */; };
		CB8168EF25CFF4590007F669 /* CategoryItemPlay.swift in Sources */ = {isa = PBXBuildFile; fileRef = CB8168EE25CFF4590007F669 /* CategoryItemPlay.swift */; };
		CB8168F725CFFC5C0007F669 /* CategoryItemSection.swift in Sources */ = {isa = PBXBuildFile; fileRef = CB8168F625CFFC5C0007F669 /* CategoryItemSection.swift */; };
		CB8168FD25D119BA0007F669 /* CategoryViewPicturePlay.swift in Sources */ = {isa = PBXBuildFile; fileRef = CB8168FC25D119BA0007F669 /* CategoryViewPicturePlay.swift */; };
		CBA635CD25B8333B00AC52D3 /* AppDelegate.swift in Sources */ = {isa = PBXBuildFile; fileRef = CBA635CC25B8333B00AC52D3 /* AppDelegate.swift */; };
		CBA635CF25B8333B00AC52D3 /* SceneDelegate.swift in Sources */ = {isa = PBXBuildFile; fileRef = CBA635CE25B8333B00AC52D3 /* SceneDelegate.swift */; };
		CBA635D125B8333B00AC52D3 /* ContentView.swift in Sources */ = {isa = PBXBuildFile; fileRef = CBA635D025B8333B00AC52D3 /* ContentView.swift */; };
		CBA635D325B8334000AC52D3 /* Assets.xcassets in Resources */ = {isa = PBXBuildFile; fileRef = CBA635D225B8334000AC52D3 /* Assets.xcassets */; };
		CBA635D625B8334000AC52D3 /* Preview Assets.xcassets in Resources */ = {isa = PBXBuildFile; fileRef = CBA635D525B8334000AC52D3 /* Preview Assets.xcassets */; };
		CBA635D925B8334100AC52D3 /* LaunchScreen.storyboard in Resources */ = {isa = PBXBuildFile; fileRef = CBA635D725B8334100AC52D3 /* LaunchScreen.storyboard */; };
		CBA635E225B9553C00AC52D3 /* CategoryRow.swift in Sources */ = {isa = PBXBuildFile; fileRef = CBA635E125B9553B00AC52D3 /* CategoryRow.swift */; };
		CBA635E525B9603400AC52D3 /* CategoryView.swift in Sources */ = {isa = PBXBuildFile; fileRef = CBA635E425B9603400AC52D3 /* CategoryView.swift */; };
		CBA635E825B9662E00AC52D3 /* Sidebar.swift in Sources */ = {isa = PBXBuildFile; fileRef = CBA635E725B9662E00AC52D3 /* Sidebar.swift */; };
		CBA6365425B9A73B00AC52D3 /* CategoryDetails.swift in Sources */ = {isa = PBXBuildFile; fileRef = CBA6365325B9A73B00AC52D3 /* CategoryDetails.swift */; };
		CBA6365825BD63A100AC52D3 /* Course.swift in Sources */ = {isa = PBXBuildFile; fileRef = CBA6365725BD63A100AC52D3 /* Course.swift */; };
		CBA6365E25BD895100AC52D3 /* ItemPlayView.swift in Sources */ = {isa = PBXBuildFile; fileRef = CBA6365D25BD895100AC52D3 /* ItemPlayView.swift */; };
		CBA6366225BD95E600AC52D3 /* CloseButton.swift in Sources */ = {isa = PBXBuildFile; fileRef = CBA6366125BD95E600AC52D3 /* CloseButton.swift */; };
		CBA6366525BE9B4F00AC52D3 /* ItemPlayQuizView.swift in Sources */ = {isa = PBXBuildFile; fileRef = CBA6366425BE9B4F00AC52D3 /* ItemPlayQuizView.swift */; };
		CBA6366825BE9EC800AC52D3 /* ItemPlayQuizDetails.swift in Sources */ = {isa = PBXBuildFile; fileRef = CBA6366725BE9EC800AC52D3 /* ItemPlayQuizDetails.swift */; };
		CBA6366B25BEAA9D00AC52D3 /* CategorySection.swift in Sources */ = {isa = PBXBuildFile; fileRef = CBA6366A25BEAA9D00AC52D3 /* CategorySection.swift */; };
		CBA6367025C16F9300AC52D3 /* HomeView.swift in Sources */ = {isa = PBXBuildFile; fileRef = CBA6366F25C16F9300AC52D3 /* HomeView.swift */; };
		CBEA692325D3C867004CD604 /* PicturePlayItemView.swift in Sources */ = {isa = PBXBuildFile; fileRef = CBEA692225D3C867004CD604 /* PicturePlayItemView.swift */; };
		CBEA692A25D3F69B004CD604 /* TextPlayItemView.swift in Sources */ = {isa = PBXBuildFile; fileRef = CBEA692925D3F69B004CD604 /* TextPlayItemView.swift */; };
		CBEA693025D50264004CD604 /* Extention+String.swift in Sources */ = {isa = PBXBuildFile; fileRef = CBEA692F25D50264004CD604 /* Extention+String.swift */; };
/* End PBXBuildFile section */

/* Begin PBXFileReference section */
		384E1EF025DA6E4E0014E4B1 /* PlayWordView.swift */ = {isa = PBXFileReference; lastKnownFileType = sourcecode.swift; path = PlayWordView.swift; sourceTree = "<group>"; };
		384E1EF825DF402A0014E4B1 /* PlaceholderView.swift */ = {isa = PBXFileReference; fileEncoding = 4; lastKnownFileType = sourcecode.swift; path = PlaceholderView.swift; sourceTree = "<group>"; };
		384E1EF925DF402A0014E4B1 /* DrawingWrapper.swift */ = {isa = PBXFileReference; fileEncoding = 4; lastKnownFileType = sourcecode.swift; path = DrawingWrapper.swift; sourceTree = "<group>"; };
		384E1EFA25DF402A0014E4B1 /* AddNewDocument.swift */ = {isa = PBXFileReference; fileEncoding = 4; lastKnownFileType = sourcecode.swift; path = AddNewDocument.swift; sourceTree = "<group>"; };
		384E1EFB25DF402A0014E4B1 /* ContentView.swift */ = {isa = PBXFileReference; fileEncoding = 4; lastKnownFileType = sourcecode.swift; path = ContentView.swift; sourceTree = "<group>"; };
		384E1F0225DF403D0014E4B1 /* DrawingViewController.swift */ = {isa = PBXFileReference; fileEncoding = 4; lastKnownFileType = sourcecode.swift; path = DrawingViewController.swift; sourceTree = "<group>"; };
		384E1F0625DF407F0014E4B1 /* DrawingDocument.swift */ = {isa = PBXFileReference; fileEncoding = 4; lastKnownFileType = sourcecode.swift; path = DrawingDocument.swift; sourceTree = "<group>"; };
		384E1F0A25DF40A50014E4B1 /* CoreDataManager.swift */ = {isa = PBXFileReference; fileEncoding = 4; lastKnownFileType = sourcecode.swift; path = CoreDataManager.swift; sourceTree = "<group>"; };
		384E1F0B25DF40A50014E4B1 /* DrawingManager.swift */ = {isa = PBXFileReference; fileEncoding = 4; lastKnownFileType = sourcecode.swift; path = DrawingManager.swift; sourceTree = "<group>"; };
		38EC3ECA25BADA190001B399 /* CategoryItem.swift */ = {isa = PBXFileReference; lastKnownFileType = sourcecode.swift; path = CategoryItem.swift; sourceTree = "<group>"; };
		38EC3ED125BADE1E0001B399 /* CategoryList.swift */ = {isa = PBXFileReference; lastKnownFileType = sourcecode.swift; path = CategoryList.swift; sourceTree = "<group>"; };
		CB6634E525D14EFA0019BAFA /* latterToWordView.swift */ = {isa = PBXFileReference; lastKnownFileType = sourcecode.swift; path = latterToWordView.swift; sourceTree = "<group>"; };
		CB6634EB25D25E970019BAFA /* FromTextToImageQustionView.swift */ = {isa = PBXFileReference; lastKnownFileType = sourcecode.swift; path = FromTextToImageQustionView.swift; sourceTree = "<group>"; };
		CB6634EE25D268950019BAFA /* ImageToTextQustionView.swift */ = {isa = PBXFileReference; lastKnownFileType = sourcecode.swift; path = ImageToTextQustionView.swift; sourceTree = "<group>"; };
		CB8168EE25CFF4590007F669 /* CategoryItemPlay.swift */ = {isa = PBXFileReference; lastKnownFileType = sourcecode.swift; path = CategoryItemPlay.swift; sourceTree = "<group>"; };
		CB8168F625CFFC5C0007F669 /* CategoryItemSection.swift */ = {isa = PBXFileReference; lastKnownFileType = sourcecode.swift; path = CategoryItemSection.swift; sourceTree = "<group>"; };
		CB8168FC25D119BA0007F669 /* CategoryViewPicturePlay.swift */ = {isa = PBXFileReference; lastKnownFileType = sourcecode.swift; path = CategoryViewPicturePlay.swift; sourceTree = "<group>"; };
		CBA635C925B8333B00AC52D3 /* WordForLearn.app */ = {isa = PBXFileReference; explicitFileType = wrapper.application; includeInIndex = 0; path = WordForLearn.app; sourceTree = BUILT_PRODUCTS_DIR; };
		CBA635CC25B8333B00AC52D3 /* AppDelegate.swift */ = {isa = PBXFileReference; lastKnownFileType = sourcecode.swift; path = AppDelegate.swift; sourceTree = "<group>"; };
		CBA635CE25B8333B00AC52D3 /* SceneDelegate.swift */ = {isa = PBXFileReference; lastKnownFileType = sourcecode.swift; path = SceneDelegate.swift; sourceTree = "<group>"; };
		CBA635D025B8333B00AC52D3 /* ContentView.swift */ = {isa = PBXFileReference; lastKnownFileType = sourcecode.swift; path = ContentView.swift; sourceTree = "<group>"; };
		CBA635D225B8334000AC52D3 /* Assets.xcassets */ = {isa = PBXFileReference; lastKnownFileType = folder.assetcatalog; path = Assets.xcassets; sourceTree = "<group>"; };
		CBA635D525B8334000AC52D3 /* Preview Assets.xcassets */ = {isa = PBXFileReference; lastKnownFileType = folder.assetcatalog; path = "Preview Assets.xcassets"; sourceTree = "<group>"; };
		CBA635D825B8334100AC52D3 /* Base */ = {isa = PBXFileReference; lastKnownFileType = file.storyboard; name = Base; path = Base.lproj/LaunchScreen.storyboard; sourceTree = "<group>"; };
		CBA635DA25B8334100AC52D3 /* Info.plist */ = {isa = PBXFileReference; lastKnownFileType = text.plist.xml; path = Info.plist; sourceTree = "<group>"; };
		CBA635E125B9553B00AC52D3 /* CategoryRow.swift */ = {isa = PBXFileReference; lastKnownFileType = sourcecode.swift; path = CategoryRow.swift; sourceTree = "<group>"; };
		CBA635E425B9603400AC52D3 /* CategoryView.swift */ = {isa = PBXFileReference; lastKnownFileType = sourcecode.swift; path = CategoryView.swift; sourceTree = "<group>"; };
		CBA635E725B9662E00AC52D3 /* Sidebar.swift */ = {isa = PBXFileReference; lastKnownFileType = sourcecode.swift; path = Sidebar.swift; sourceTree = "<group>"; };
		CBA635EA25B96C1900AC52D3 /* WordForLearn.entitlements */ = {isa = PBXFileReference; lastKnownFileType = text.plist.entitlements; path = WordForLearn.entitlements; sourceTree = "<group>"; };
		CBA6365325B9A73B00AC52D3 /* CategoryDetails.swift */ = {isa = PBXFileReference; lastKnownFileType = sourcecode.swift; path = CategoryDetails.swift; sourceTree = "<group>"; };
		CBA6365725BD63A100AC52D3 /* Course.swift */ = {isa = PBXFileReference; lastKnownFileType = sourcecode.swift; path = Course.swift; sourceTree = "<group>"; };
		CBA6365D25BD895100AC52D3 /* ItemPlayView.swift */ = {isa = PBXFileReference; lastKnownFileType = sourcecode.swift; path = ItemPlayView.swift; sourceTree = "<group>"; };
		CBA6366125BD95E600AC52D3 /* CloseButton.swift */ = {isa = PBXFileReference; lastKnownFileType = sourcecode.swift; path = CloseButton.swift; sourceTree = "<group>"; };
		CBA6366425BE9B4F00AC52D3 /* ItemPlayQuizView.swift */ = {isa = PBXFileReference; lastKnownFileType = sourcecode.swift; path = ItemPlayQuizView.swift; sourceTree = "<group>"; };
		CBA6366725BE9EC800AC52D3 /* ItemPlayQuizDetails.swift */ = {isa = PBXFileReference; lastKnownFileType = sourcecode.swift; path = ItemPlayQuizDetails.swift; sourceTree = "<group>"; };
		CBA6366A25BEAA9D00AC52D3 /* CategorySection.swift */ = {isa = PBXFileReference; lastKnownFileType = sourcecode.swift; path = CategorySection.swift; sourceTree = "<group>"; };
		CBA6366F25C16F9300AC52D3 /* HomeView.swift */ = {isa = PBXFileReference; lastKnownFileType = sourcecode.swift; path = HomeView.swift; sourceTree = "<group>"; };
		CBEA692225D3C867004CD604 /* PicturePlayItemView.swift */ = {isa = PBXFileReference; lastKnownFileType = sourcecode.swift; path = PicturePlayItemView.swift; sourceTree = "<group>"; };
		CBEA692925D3F69B004CD604 /* TextPlayItemView.swift */ = {isa = PBXFileReference; lastKnownFileType = sourcecode.swift; path = TextPlayItemView.swift; sourceTree = "<group>"; };
		CBEA692F25D50264004CD604 /* Extention+String.swift */ = {isa = PBXFileReference; lastKnownFileType = sourcecode.swift; path = "Extention+String.swift"; sourceTree = "<group>"; };
/* End PBXFileReference section */

/* Begin PBXFrameworksBuildPhase section */
		CBA635C625B8333B00AC52D3 /* Frameworks */ = {
			isa = PBXFrameworksBuildPhase;
			buildActionMask = 2147483647;
			files = (
			);
			runOnlyForDeploymentPostprocessing = 0;
		};
/* End PBXFrameworksBuildPhase section */

/* Begin PBXGroup section */
		384E1EE725D902210014E4B1 /* ViewUtil */ = {
			isa = PBXGroup;
			children = (
				CBA6366125BD95E600AC52D3 /* CloseButton.swift */,
				CB8168F625CFFC5C0007F669 /* CategoryItemSection.swift */,
				CB8168EE25CFF4590007F669 /* CategoryItemPlay.swift */,
			);
			path = ViewUtil;
			sourceTree = "<group>";
		};
		384E1EEF25DA6E340014E4B1 /* Learn */ = {
			isa = PBXGroup;
			children = (
				384E1EF025DA6E4E0014E4B1 /* PlayWordView.swift */,
			);
			path = Learn;
			sourceTree = "<group>";
		};
		384E1EF625DEC9E90014E4B1 /* Drawing */ = {
			isa = PBXGroup;
			children = (
				384E1F0925DF40A50014E4B1 /* DataManager */,
				384E1F0525DF407F0014E4B1 /* Models */,
				384E1F0125DF403C0014E4B1 /* ViewControllers */,
				384E1EF725DF402A0014E4B1 /* Views */,
			);
			path = Drawing;
			sourceTree = "<group>";
		};
		384E1EF725DF402A0014E4B1 /* Views */ = {
			isa = PBXGroup;
			children = (
				384E1EF825DF402A0014E4B1 /* PlaceholderView.swift */,
				384E1EF925DF402A0014E4B1 /* DrawingWrapper.swift */,
				384E1EFA25DF402A0014E4B1 /* AddNewDocument.swift */,
				384E1EFB25DF402A0014E4B1 /* ContentView.swift */,
			);
			path = Views;
			sourceTree = "<group>";
		};
		384E1F0125DF403C0014E4B1 /* ViewControllers */ = {
			isa = PBXGroup;
			children = (
				384E1F0225DF403D0014E4B1 /* DrawingViewController.swift */,
			);
			path = ViewControllers;
			sourceTree = "<group>";
		};
		384E1F0525DF407F0014E4B1 /* Models */ = {
			isa = PBXGroup;
			children = (
				384E1F0625DF407F0014E4B1 /* DrawingDocument.swift */,
			);
			path = Models;
			sourceTree = "<group>";
		};
		384E1F0925DF40A50014E4B1 /* DataManager */ = {
			isa = PBXGroup;
			children = (
				384E1F0A25DF40A50014E4B1 /* CoreDataManager.swift */,
				384E1F0B25DF40A50014E4B1 /* DrawingManager.swift */,
			);
			path = DataManager;
			sourceTree = "<group>";
		};
		38EC3ECE25BADCB30001B399 /* Navigation */ = {
			isa = PBXGroup;
			children = (
				CBA635E725B9662E00AC52D3 /* Sidebar.swift */,
				CBA635D025B8333B00AC52D3 /* ContentView.swift */,
			);
			path = Navigation;
			sourceTree = "<group>";
		};
		38EC3ECF25BADD070001B399 /* Items */ = {
			isa = PBXGroup;
			children = (
				38EC3ECA25BADA190001B399 /* CategoryItem.swift */,
				CBA635E125B9553B00AC52D3 /* CategoryRow.swift */,
			);
			path = Items;
			sourceTree = "<group>";
		};
		CB6634E925D25D860019BAFA /* Play */ = {
			isa = PBXGroup;
			children = (
				CB8168FC25D119BA0007F669 /* CategoryViewPicturePlay.swift */,
				CBEA692825D3F66A004CD604 /* ImageToTextQustion */,
				CBEA692625D3F614004CD604 /* FromTextToImageQustion */,
			);
			path = Play;
			sourceTree = "<group>";
		};
		CBA635C025B8333B00AC52D3 = {
			isa = PBXGroup;
			children = (
				CBA635CB25B8333B00AC52D3 /* WordForLearn */,
				CBA635CA25B8333B00AC52D3 /* Products */,
			);
			sourceTree = "<group>";
		};
		CBA635CA25B8333B00AC52D3 /* Products */ = {
			isa = PBXGroup;
			children = (
				CBA635C925B8333B00AC52D3 /* WordForLearn.app */,
			);
			name = Products;
			sourceTree = "<group>";
		};
		CBA635CB25B8333B00AC52D3 /* WordForLearn */ = {
			isa = PBXGroup;
			children = (
				384E1EF625DEC9E90014E4B1 /* Drawing */,
				CBA635EA25B96C1900AC52D3 /* WordForLearn.entitlements */,
				CBA635CC25B8333B00AC52D3 /* AppDelegate.swift */,
				CBA635CE25B8333B00AC52D3 /* SceneDelegate.swift */,
				38EC3ECE25BADCB30001B399 /* Navigation */,
				38EC3ECF25BADD070001B399 /* Items */,
				CBA6365A25BD7D7700AC52D3 /* Model */,
				CBA635D225B8334000AC52D3 /* Assets.xcassets */,
				CBA635D725B8334100AC52D3 /* LaunchScreen.storyboard */,
				CBA635DA25B8334100AC52D3 /* Info.plist */,
				CBA635D425B8334000AC52D3 /* Preview Content */,
				CBA635E425B9603400AC52D3 /* CategoryView.swift */,
				CBEA692E25D50246004CD604 /* Util */,
				CB6634E525D14EFA0019BAFA /* latterToWordView.swift */,
				384E1EE725D902210014E4B1 /* ViewUtil */,
				CBA6366F25C16F9300AC52D3 /* HomeView.swift */,
				384E1EEF25DA6E340014E4B1 /* Learn */,
				CB6634E925D25D860019BAFA /* Play */,
				CBA6365D25BD895100AC52D3 /* ItemPlayView.swift */,
				CBA6366425BE9B4F00AC52D3 /* ItemPlayQuizView.swift */,
				CBA6366725BE9EC800AC52D3 /* ItemPlayQuizDetails.swift */,
				CBA6366A25BEAA9D00AC52D3 /* CategorySection.swift */,
				38EC3ED125BADE1E0001B399 /* CategoryList.swift */,
				CBA6365325B9A73B00AC52D3 /* CategoryDetails.swift */,
			);
			path = WordForLearn;
			sourceTree = "<group>";
		};
		CBA635D425B8334000AC52D3 /* Preview Content */ = {
			isa = PBXGroup;
			children = (
				CBA635D525B8334000AC52D3 /* Preview Assets.xcassets */,
			);
			path = "Preview Content";
			sourceTree = "<group>";
		};
		CBA6365A25BD7D7700AC52D3 /* Model */ = {
			isa = PBXGroup;
			children = (
				CBA6365725BD63A100AC52D3 /* Course.swift */,
			);
			path = Model;
			sourceTree = "<group>";
		};
		CBEA692625D3F614004CD604 /* FromTextToImageQustion */ = {
			isa = PBXGroup;
			children = (
				CB6634EB25D25E970019BAFA /* FromTextToImageQustionView.swift */,
				CBEA692225D3C867004CD604 /* PicturePlayItemView.swift */,
			);
			path = FromTextToImageQustion;
			sourceTree = "<group>";
		};
		CBEA692825D3F66A004CD604 /* ImageToTextQustion */ = {
			isa = PBXGroup;
			children = (
				CB6634EE25D268950019BAFA /* ImageToTextQustionView.swift */,
				CBEA692925D3F69B004CD604 /* TextPlayItemView.swift */,
			);
			path = ImageToTextQustion;
			sourceTree = "<group>";
		};
		CBEA692E25D50246004CD604 /* Util */ = {
			isa = PBXGroup;
			children = (
				CBEA692F25D50264004CD604 /* Extention+String.swift */,
			);
			path = Util;
			sourceTree = "<group>";
		};
/* End PBXGroup section */

/* Begin PBXNativeTarget section */
		CBA635C825B8333B00AC52D3 /* WordForLearn */ = {
			isa = PBXNativeTarget;
			buildConfigurationList = CBA635DD25B8334100AC52D3 /* Build configuration list for PBXNativeTarget "WordForLearn" */;
			buildPhases = (
				CBA635C525B8333B00AC52D3 /* Sources */,
				CBA635C625B8333B00AC52D3 /* Frameworks */,
				CBA635C725B8333B00AC52D3 /* Resources */,
			);
			buildRules = (
			);
			dependencies = (
			);
			name = WordForLearn;
			productName = WordForLearn;
			productReference = CBA635C925B8333B00AC52D3 /* WordForLearn.app */;
			productType = "com.apple.product-type.application";
		};
/* End PBXNativeTarget section */

/* Begin PBXProject section */
		CBA635C125B8333B00AC52D3 /* Project object */ = {
			isa = PBXProject;
			attributes = {
				LastSwiftUpdateCheck = 1200;
				LastUpgradeCheck = 1200;
				TargetAttributes = {
					CBA635C825B8333B00AC52D3 = {
						CreatedOnToolsVersion = 12.0.1;
					};
				};
			};
			buildConfigurationList = CBA635C425B8333B00AC52D3 /* Build configuration list for PBXProject "WordForLearn" */;
			compatibilityVersion = "Xcode 9.3";
			developmentRegion = en;
			hasScannedForEncodings = 0;
			knownRegions = (
				en,
				Base,
			);
			mainGroup = CBA635C025B8333B00AC52D3;
			productRefGroup = CBA635CA25B8333B00AC52D3 /* Products */;
			projectDirPath = "";
			projectRoot = "";
			targets = (
				CBA635C825B8333B00AC52D3 /* WordForLearn */,
			);
		};
/* End PBXProject section */

/* Begin PBXResourcesBuildPhase section */
		CBA635C725B8333B00AC52D3 /* Resources */ = {
			isa = PBXResourcesBuildPhase;
			buildActionMask = 2147483647;
			files = (
				CBA635D925B8334100AC52D3 /* LaunchScreen.storyboard in Resources */,
				CBA635D625B8334000AC52D3 /* Preview Assets.xcassets in Resources */,
				CBA635D325B8334000AC52D3 /* Assets.xcassets in Resources */,
			);
			runOnlyForDeploymentPostprocessing = 0;
		};
/* End PBXResourcesBuildPhase section */

/* Begin PBXSourcesBuildPhase section */
		CBA635C525B8333B00AC52D3 /* Sources */ = {
			isa = PBXSourcesBuildPhase;
			buildActionMask = 2147483647;
			files = (
				384E1F0D25DF40A50014E4B1 /* DrawingManager.swift in Sources */,
				CBA635CD25B8333B00AC52D3 /* AppDelegate.swift in Sources */,
				CB8168EF25CFF4590007F669 /* CategoryItemPlay.swift in Sources */,
				CB8168FD25D119BA0007F669 /* CategoryViewPicturePlay.swift in Sources */,
				CBA635CF25B8333B00AC52D3 /* SceneDelegate.swift in Sources */,
				384E1EFD25DF402B0014E4B1 /* DrawingWrapper.swift in Sources */,
				CBA6365825BD63A100AC52D3 /* Course.swift in Sources */,
				38EC3ECB25BADA190001B399 /* CategoryItem.swift in Sources */,
				CBA6365425B9A73B00AC52D3 /* CategoryDetails.swift in Sources */,
				CBEA692A25D3F69B004CD604 /* TextPlayItemView.swift in Sources */,
				384E1EFC25DF402B0014E4B1 /* PlaceholderView.swift in Sources */,
				CBA635E225B9553C00AC52D3 /* CategoryRow.swift in Sources */,
				CBA6366825BE9EC800AC52D3 /* ItemPlayQuizDetails.swift in Sources */,
				CBA6366225BD95E600AC52D3 /* CloseButton.swift in Sources */,
				CB8168F725CFFC5C0007F669 /* CategoryItemSection.swift in Sources */,
				CBA6365E25BD895100AC52D3 /* ItemPlayView.swift in Sources */,
				CBA6366525BE9B4F00AC52D3 /* ItemPlayQuizView.swift in Sources */,
				CBA635D125B8333B00AC52D3 /* ContentView.swift in Sources */,
				CBA635E825B9662E00AC52D3 /* Sidebar.swift in Sources */,
				CB6634EF25D268950019BAFA /* ImageToTextQustionView.swift in Sources */,
				CB6634EC25D25E970019BAFA /* FromTextToImageQustionView.swift in Sources */,
				CBA6366B25BEAA9D00AC52D3 /* CategorySection.swift in Sources */,
				384E1F0C25DF40A50014E4B1 /* CoreDataManager.swift in Sources */,
				384E1F0325DF403D0014E4B1 /* DrawingViewController.swift in Sources */,
				CB6634E625D14EFA0019BAFA /* latterToWordView.swift in Sources */,
				384E1EF125DA6E4E0014E4B1 /* PlayWordView.swift in Sources */,
				CBA6367025C16F9300AC52D3 /* HomeView.swift in Sources */,
				CBEA692325D3C867004CD604 /* PicturePlayItemView.swift in Sources */,
				CBA635E525B9603400AC52D3 /* CategoryView.swift in Sources */,
				384E1F0725DF407F0014E4B1 /* DrawingDocument.swift in Sources */,
				384E1EFF25DF402B0014E4B1 /* ContentView.swift in Sources */,
				384E1EFE25DF402B0014E4B1 /* AddNewDocument.swift in Sources */,
				CBEA693025D50264004CD604 /* Extention+String.swift in Sources */,
				38EC3ED225BADE1E0001B399 /* CategoryList.swift in Sources */,
			);
			runOnlyForDeploymentPostprocessing = 0;
		};
/* End PBXSourcesBuildPhase section */

/* Begin PBXVariantGroup section */
		CBA635D725B8334100AC52D3 /* LaunchScreen.storyboard */ = {
			isa = PBXVariantGroup;
			children = (
				CBA635D825B8334100AC52D3 /* Base */,
			);
			name = LaunchScreen.storyboard;
			sourceTree = "<group>";
		};
/* End PBXVariantGroup section */

/* Begin XCBuildConfiguration section */
		CBA635DB25B8334100AC52D3 /* Debug */ = {
			isa = XCBuildConfiguration;
			buildSettings = {
				ALWAYS_SEARCH_USER_PATHS = NO;
				CLANG_ANALYZER_NONNULL = YES;
				CLANG_ANALYZER_NUMBER_OBJECT_CONVERSION = YES_AGGRESSIVE;
				CLANG_CXX_LANGUAGE_STANDARD = "gnu++14";
				CLANG_CXX_LIBRARY = "libc++";
				CLANG_ENABLE_MODULES = YES;
				CLANG_ENABLE_OBJC_ARC = YES;
				CLANG_ENABLE_OBJC_WEAK = YES;
				CLANG_WARN_BLOCK_CAPTURE_AUTORELEASING = YES;
				CLANG_WARN_BOOL_CONVERSION = YES;
				CLANG_WARN_COMMA = YES;
				CLANG_WARN_CONSTANT_CONVERSION = YES;
				CLANG_WARN_DEPRECATED_OBJC_IMPLEMENTATIONS = YES;
				CLANG_WARN_DIRECT_OBJC_ISA_USAGE = YES_ERROR;
				CLANG_WARN_DOCUMENTATION_COMMENTS = YES;
				CLANG_WARN_EMPTY_BODY = YES;
				CLANG_WARN_ENUM_CONVERSION = YES;
				CLANG_WARN_INFINITE_RECURSION = YES;
				CLANG_WARN_INT_CONVERSION = YES;
				CLANG_WARN_NON_LITERAL_NULL_CONVERSION = YES;
				CLANG_WARN_OBJC_IMPLICIT_RETAIN_SELF = YES;
				CLANG_WARN_OBJC_LITERAL_CONVERSION = YES;
				CLANG_WARN_OBJC_ROOT_CLASS = YES_ERROR;
				CLANG_WARN_QUOTED_INCLUDE_IN_FRAMEWORK_HEADER = YES;
				CLANG_WARN_RANGE_LOOP_ANALYSIS = YES;
				CLANG_WARN_STRICT_PROTOTYPES = YES;
				CLANG_WARN_SUSPICIOUS_MOVE = YES;
				CLANG_WARN_UNGUARDED_AVAILABILITY = YES_AGGRESSIVE;
				CLANG_WARN_UNREACHABLE_CODE = YES;
				CLANG_WARN__DUPLICATE_METHOD_MATCH = YES;
				COPY_PHASE_STRIP = NO;
				DEBUG_INFORMATION_FORMAT = dwarf;
				ENABLE_STRICT_OBJC_MSGSEND = YES;
				ENABLE_TESTABILITY = YES;
				GCC_C_LANGUAGE_STANDARD = gnu11;
				GCC_DYNAMIC_NO_PIC = NO;
				GCC_NO_COMMON_BLOCKS = YES;
				GCC_OPTIMIZATION_LEVEL = 0;
				GCC_PREPROCESSOR_DEFINITIONS = (
					"DEBUG=1",
					"$(inherited)",
				);
				GCC_WARN_64_TO_32_BIT_CONVERSION = YES;
				GCC_WARN_ABOUT_RETURN_TYPE = YES_ERROR;
				GCC_WARN_UNDECLARED_SELECTOR = YES;
				GCC_WARN_UNINITIALIZED_AUTOS = YES_AGGRESSIVE;
				GCC_WARN_UNUSED_FUNCTION = YES;
				GCC_WARN_UNUSED_VARIABLE = YES;
				IPHONEOS_DEPLOYMENT_TARGET = 14.0;
				MTL_ENABLE_DEBUG_INFO = INCLUDE_SOURCE;
				MTL_FAST_MATH = YES;
				ONLY_ACTIVE_ARCH = YES;
				SDKROOT = iphoneos;
				SWIFT_ACTIVE_COMPILATION_CONDITIONS = DEBUG;
				SWIFT_OPTIMIZATION_LEVEL = "-Onone";
			};
			name = Debug;
		};
		CBA635DC25B8334100AC52D3 /* Release */ = {
			isa = XCBuildConfiguration;
			buildSettings = {
				ALWAYS_SEARCH_USER_PATHS = NO;
				CLANG_ANALYZER_NONNULL = YES;
				CLANG_ANALYZER_NUMBER_OBJECT_CONVERSION = YES_AGGRESSIVE;
				CLANG_CXX_LANGUAGE_STANDARD = "gnu++14";
				CLANG_CXX_LIBRARY = "libc++";
				CLANG_ENABLE_MODULES = YES;
				CLANG_ENABLE_OBJC_ARC = YES;
				CLANG_ENABLE_OBJC_WEAK = YES;
				CLANG_WARN_BLOCK_CAPTURE_AUTORELEASING = YES;
				CLANG_WARN_BOOL_CONVERSION = YES;
				CLANG_WARN_COMMA = YES;
				CLANG_WARN_CONSTANT_CONVERSION = YES;
				CLANG_WARN_DEPRECATED_OBJC_IMPLEMENTATIONS = YES;
				CLANG_WARN_DIRECT_OBJC_ISA_USAGE = YES_ERROR;
				CLANG_WARN_DOCUMENTATION_COMMENTS = YES;
				CLANG_WARN_EMPTY_BODY = YES;
				CLANG_WARN_ENUM_CONVERSION = YES;
				CLANG_WARN_INFINITE_RECURSION = YES;
				CLANG_WARN_INT_CONVERSION = YES;
				CLANG_WARN_NON_LITERAL_NULL_CONVERSION = YES;
				CLANG_WARN_OBJC_IMPLICIT_RETAIN_SELF = YES;
				CLANG_WARN_OBJC_LITERAL_CONVERSION = YES;
				CLANG_WARN_OBJC_ROOT_CLASS = YES_ERROR;
				CLANG_WARN_QUOTED_INCLUDE_IN_FRAMEWORK_HEADER = YES;
				CLANG_WARN_RANGE_LOOP_ANALYSIS = YES;
				CLANG_WARN_STRICT_PROTOTYPES = YES;
				CLANG_WARN_SUSPICIOUS_MOVE = YES;
				CLANG_WARN_UNGUARDED_AVAILABILITY = YES_AGGRESSIVE;
				CLANG_WARN_UNREACHABLE_CODE = YES;
				CLANG_WARN__DUPLICATE_METHOD_MATCH = YES;
				COPY_PHASE_STRIP = NO;
				DEBUG_INFORMATION_FORMAT = "dwarf-with-dsym";
				ENABLE_NS_ASSERTIONS = NO;
				ENABLE_STRICT_OBJC_MSGSEND = YES;
				GCC_C_LANGUAGE_STANDARD = gnu11;
				GCC_NO_COMMON_BLOCKS = YES;
				GCC_WARN_64_TO_32_BIT_CONVERSION = YES;
				GCC_WARN_ABOUT_RETURN_TYPE = YES_ERROR;
				GCC_WARN_UNDECLARED_SELECTOR = YES;
				GCC_WARN_UNINITIALIZED_AUTOS = YES_AGGRESSIVE;
				GCC_WARN_UNUSED_FUNCTION = YES;
				GCC_WARN_UNUSED_VARIABLE = YES;
				IPHONEOS_DEPLOYMENT_TARGET = 14.0;
				MTL_ENABLE_DEBUG_INFO = NO;
				MTL_FAST_MATH = YES;
				SDKROOT = iphoneos;
				SWIFT_COMPILATION_MODE = wholemodule;
				SWIFT_OPTIMIZATION_LEVEL = "-O";
				VALIDATE_PRODUCT = YES;
			};
			name = Release;
		};
		CBA635DE25B8334100AC52D3 /* Debug */ = {
			isa = XCBuildConfiguration;
			buildSettings = {
				ASSETCATALOG_COMPILER_APPICON_NAME = AppIcon;
				ASSETCATALOG_COMPILER_GLOBAL_ACCENT_COLOR_NAME = AccentColor;
				CODE_SIGN_ENTITLEMENTS = WordForLearn/WordForLearn.entitlements;
				CODE_SIGN_IDENTITY = "Apple Development";
				"CODE_SIGN_IDENTITY[sdk=macosx*]" = "-";
				CODE_SIGN_STYLE = Automatic;
				DEVELOPMENT_ASSET_PATHS = "\"WordForLearn/Preview Content\"";
				DEVELOPMENT_TEAM = QUWV5QS83Q;
				ENABLE_PREVIEWS = YES;
				INFOPLIST_FILE = WordForLearn/Info.plist;
				LD_RUNPATH_SEARCH_PATHS = (
					"$(inherited)",
					"@executable_path/Frameworks",
				);
				PRODUCT_BUNDLE_IDENTIFIER = com.shohagh.WordForLearn54;
				PRODUCT_NAME = "$(TARGET_NAME)";
				PROVISIONING_PROFILE_SPECIFIER = "";
				"PROVISIONING_PROFILE_SPECIFIER[sdk=macosx*]" = "";
				SUPPORTS_MACCATALYST = NO;
				SWIFT_VERSION = 5.0;
				TARGETED_DEVICE_FAMILY = "1,2";
			};
			name = Debug;
		};
		CBA635DF25B8334100AC52D3 /* Release */ = {
			isa = XCBuildConfiguration;
			buildSettings = {
				ASSETCATALOG_COMPILER_APPICON_NAME = AppIcon;
				ASSETCATALOG_COMPILER_GLOBAL_ACCENT_COLOR_NAME = AccentColor;
				CODE_SIGN_ENTITLEMENTS = WordForLearn/WordForLearn.entitlements;
				CODE_SIGN_IDENTITY = "Apple Development";
				"CODE_SIGN_IDENTITY[sdk=macosx*]" = "-";
				CODE_SIGN_STYLE = Automatic;
				DEVELOPMENT_ASSET_PATHS = "\"WordForLearn/Preview Content\"";
				DEVELOPMENT_TEAM = QUWV5QS83Q;
				ENABLE_PREVIEWS = YES;
				INFOPLIST_FILE = WordForLearn/Info.plist;
				LD_RUNPATH_SEARCH_PATHS = (
					"$(inherited)",
					"@executable_path/Frameworks",
				);
				PRODUCT_BUNDLE_IDENTIFIER = com.shohagh.WordForLearn54;
				PRODUCT_NAME = "$(TARGET_NAME)";
				PROVISIONING_PROFILE_SPECIFIER = "";
				"PROVISIONING_PROFILE_SPECIFIER[sdk=macosx*]" = "";
				SUPPORTS_MACCATALYST = NO;
				SWIFT_VERSION = 5.0;
				TARGETED_DEVICE_FAMILY = "1,2";
			};
			name = Release;
		};
/* End XCBuildConfiguration section */

/* Begin XCConfigurationList section */
		CBA635C425B8333B00AC52D3 /* Build configuration list for PBXProject "WordForLearn" */ = {
			isa = XCConfigurationList;
			buildConfigurations = (
				CBA635DB25B8334100AC52D3 /* Debug */,
				CBA635DC25B8334100AC52D3 /* Release */,
			);
			defaultConfigurationIsVisible = 0;
			defaultConfigurationName = Release;
		};
		CBA635DD25B8334100AC52D3 /* Build configuration list for PBXNativeTarget "WordForLearn" */ = {
			isa = XCConfigurationList;
			buildConfigurations = (
				CBA635DE25B8334100AC52D3 /* Debug */,
				CBA635DF25B8334100AC52D3 /* Release */,
			);
			defaultConfigurationIsVisible = 0;
			defaultConfigurationName = Release;
		};
/* End XCConfigurationList section */
	};
	rootObject = CBA635C125B8333B00AC52D3 /* Project object */;
}
